github.com/PagerDuty/go-pagerduty v1.8.0 h1:MTFqTffIcAervB83U7Bx6HERzLbyaSPL/+oxH3zyluI=
github.com/PagerDuty/go-pagerduty v1.8.0/go.mod h1:nzIeAqyFSJAFkjWKvMzug0JtwDg+V+UoCWjFrfFH5mI=
github.com/aws/aws-lambda-go v1.46.0 h1:UWVnvh2h2gecOlFhHQfIPQcD8pL/f7pVCutmFl+oXU8=
github.com/aws/aws-lambda-go v1.46.0/go.mod h1:dpMpZgvWx5vuQJfBt0zqBha60q7Dd7RfgJv23DymV8A=
github.com/aws/aws-sdk-go-v2 v1.26.0 h1:/Ce4OCiM3EkpW7Y+xUnfAFpchU78K7/Ug01sZni9PgA=
github.com/aws/aws-sdk-go-v2 v1.26.0/go.mod h1:35hUlJVYd+M++iLI3ALmVwMOyRYMmRqUXpTtRGW+K9I=
github.com/aws/aws-sdk-go-v2/config v1.27.9 h1:gRx/NwpNEFSk+yQlgmk1bmxxvQ5TyJ76CWXs9XScTqg=
github.com/aws/aws-sdk-go-v2/config v1.27.9/go.mod h1:dK1FQfpwpql83kbD873E9vz4FyAxuJtR22wzoXn3qq0=
github.com/aws/aws-sdk-go-v2/credentials v1.17.9 h1:N8s0/7yW+h8qR8WaRlPQeJ6czVMNQVNtNdUqf6cItao=
github.com/aws/aws-sdk-go-v2/credentials v1.17.9/go.mod h1:446YhIdmSV0Jf/SLafGZalQo+xr2iw7/fzXGDPTU1yQ=
github.com/aws/aws-sdk-go-v2/feature/ec2/imds v1.16.0 h1:af5YzcLf80tv4Em4jWVD75lpnOHSBkPUZxZfGkrI3HI=
github.com/aws/aws-sdk-go-v2/feature/ec2/imds v1.16.0/go.mod h1:nQ3how7DMnFMWiU1SpECohgC82fpn4cKZ875NDMmwtA=
github.com/aws/aws-sdk-go-v2/internal/configsources v1.3.4 h1:0ScVK/4qZ8CIW0k8jOeFVsyS/sAiXpYxRBLolMkuLQM=
github.com/aws/aws-sdk-go-v2/internal/configsources v1.3.4/go.mod h1:84KyjNZdHC6QZW08nfHI6yZgPd+qRgaWcYsyLUo3QY8=
github.com/aws/aws-sdk-go-v2/internal/endpoints/v2 v2.6.4 h1:sHmMWWX5E7guWEFQ9SVo6A3S4xpPrWnd77a6y4WM6PU=
github.com/aws/aws-sdk-go-v2/internal/endpoints/v2 v2.6.4/go.mod h1:WjpDrhWisWOIoS9n3nk67A3Ll1vfULJ9Kq6h29HTD48=
github.com/aws/aws-sdk-go-v2/internal/ini v1.8.0 h1:hT8rVHwugYE2lEfdFE0QWVo81lF7jMrYJVDWI+f+VxU=
github.com/aws/aws-sdk-go-v2/internal/ini v1.8.0/go.mod h1:8tu/lYfQfFe6IGnaOdrpVgEL2IrrDOf6/m9RQum4NkY=
github.com/aws/aws-sdk-go-v2/service/internal/accept-encoding v1.11.1 h1:EyBZibRTVAs6ECHZOw5/wlylS9OcTzwyjeQMudmREjE=
github.com/aws/aws-sdk-go-v2/service/internal/accept-encoding v1.11.1/go.mod h1:JKpmtYhhPs7D97NL/ltqz7yCkERFW5dOlHyVl66ZYF8=
github.com/aws/aws-sdk-go-v2/service/internal/presigned-url v1.11.6 h1:b+E7zIUHMmcB4Dckjpkapoy47W6C9QBv/zoUP+Hn8Kc=
github.com/aws/aws-sdk-go-v2/service/internal/presigned-url v1.11.6/go.mod h1:S2fNV0rxrP78NhPbCZeQgY8H9jdDMeGtwcfZIRxzBqU=
github.com/aws/aws-sdk-go-v2/service/secretsmanager v1.28.4 h1:5GYToReUFSGP6/zqvG3fv8qNqeetyfsSiPHduHShjAc=
github.com/aws/aws-sdk-go-v2/service/secretsmanager v1.28.4/go.mod h1:slgOMs1CQu8UVgwoFqEvCi71L4HVoZgM0r8MtcNP6Mc=
github.com/aws/aws-sdk-go-v2/service/sso v1.20.3 h1:mnbuWHOcM70/OFUlZZ5rcdfA8PflGXXiefU/O+1S3+8=
github.com/aws/aws-sdk-go-v2/service/sso v1.20.3/go.mod h1:5HFu51Elk+4oRBZVxmHrSds5jFXmFj8C3w7DVF2gnrs=
github.com/aws/aws-sdk-go-v2/service/ssooidc v1.23.3 h1:uLq0BKatTmDzWa/Nu4WO0M1AaQDaPpwTKAeByEc6WFM=
github.com/aws/aws-sdk-go-v2/service/ssooidc v1.23.3/go.mod h1:b+qdhjnxj8GSR6t5YfphOffeoQSQ1KmpoVVuBn+PWxs=
github.com/aws/aws-sdk-go-v2/service/sts v1.28.5 h1:J/PpTf/hllOjx8Xu9DMflff3FajfLxqM5+tepvVXmxg=
github.com/aws/aws-sdk-go-v2/service/sts v1.28.5/go.mod h1:0ih0Z83YDH/QeQ6Ori2yGE2XvWYv/Xm+cZc01LC6oK0=
github.com/aws/smithy-go v1.20.1 h1:4SZlSlMr36UEqC7XOyRVb27XMeZubNcBNN+9IgEPIQw=
github.com/aws/smithy-go v1.20.1/go.mod h1:krry+ya/rV9RDcV/Q16kpu6ypI4K2czasz0NC3qS14E=
github.com/davecgh/go-spew v1.1.1 h1:vj9j/u1bqnvCEfJOwUhtlOARqs3+rkHYY13jYWTU97c=
github.com/davecgh/go-spew v1.1.1/go.mod h1:J7Y8YcW2NihsgmVo/mv3lAwl/skON4iLHjSsI+c5H38=
github.com/go-test/deep v1.0.4 h1:u2CU3YKy9I2pmu9pX0eq50wCgjfGIt539SqR7FbHiho=
github.com/go-test/deep v1.0.4/go.mod h1:wGDj63lr65AM2AQyKZd/NYHGb0R+1RLqB8NKt3aSFNA=
github.com/golang/protobuf v1.3.1/go.mod h1:6lQm79b+lXiMfvg/cZm0SGofjICqVBUtrP5yJMmIC1U=
github.com/golang/protobuf v1.5.0/go.mod h1:FsONVRAS9T7sI+LIUmWTfcYkHO4aIWwzhcaSAoJOfIk=
github.com/golang/protobuf v1.5.3 h1:KhyjKVUg7Usr/dYsdSqoFveMYd5ko72D+zANwlG1mmg=
github.com/golang/protobuf v1.5.3/go.mod h1:XVQd3VNwM+JqD3oG2Ue2ip4fOMUkwXdXDdiuN0vRsmY=
github.com/google/go-cmp v0.5.2/go.mod h1:v8dTdLbMG2kIc/vJvl+f65V22dbkXbowE6jgT/gNBxE=
github.com/google/go-cmp v0.5.5/go.mod h1:v8dTdLbMG2kIc/vJvl+f65V22dbkXbowE6jgT/gNBxE=
github.com/google/go-cmp v0.5.7/go.mod h1:n+brtR0CgQNWTVd5ZUFpTBC8YFBDLK/h/bpaJ8/DtOE=
github.com/google/go-cmp v0.6.0 h1:ofyhxvXcZhMsU5ulbFiLKl/XBFqE1GSq7atu8tAmTRI=
github.com/google/go-cmp v0.6.0/go.mod h1:17dUlkBOakJ0+DkrSSNjCkIjxS6bF9zb3elmeNGIjoY=
github.com/google/go-querystring v1.1.0 h1:AnCroh3fv4ZBgVIf1Iwtovgjaw/GiKJo8M8yD/fhyJ8=
github.com/google/go-querystring v1.1.0/go.mod h1:Kcdr2DB4koayq7X8pmAG4sNG59So17icRSOU623lUBU=
github.com/gorilla/websocket v1.4.2 h1:+/TMaTYc4QFitKJxsQ7Yye35DkWvkdLcvGKqM+x0Ufc=
github.com/gorilla/websocket v1.4.2/go.mod h1:YR8l580nyteQvAITg2hZ9XVh4b55+EU/adAjf1fMHhE=
github.com/hashicorp/go-cleanhttp v0.5.2 h1:035FKYIWjmULyFRBKPs8TBQoi0x6d9G4xc9neXJWAZQ=
github.com/hashicorp/go-cleanhttp v0.5.2/go.mod h1:kO/YDlP8L1346E6Sodw+PrpBSV4/SoxCXGY6BqNFT48=
github.com/hashicorp/go-hclog v0.9.2 h1:CG6TE5H9/JXsFWJCfoIVpKFIkFe6ysEuHirp4DxCsHI=
github.com/hashicorp/go-hclog v0.9.2/go.mod h1:5CU+agLiy3J7N7QjHK5d05KxGsuXiQLrjA0H7acj2lQ=
github.com/hashicorp/go-retryablehttp v0.7.2 h1:AcYqCvkpalPnPF2pn0KamgwamS42TqUDDYFRKq/RAd0=
github.com/hashicorp/go-retryablehttp v0.7.2/go.mod h1:Jy/gPYAdjqffZ/yFGCFV2doI5wjtH1ewM9u8iYVjtX8=
github.com/pmezard/go-difflib v1.0.0 h1:4DBwDE0NGyQoBHbLQYPwSUPoCMWR5BEzIk/f1lZbAQM=
github.com/pmezard/go-difflib v1.0.0/go.mod h1:iKH77koFhYxTK1pcRnkKkqfTogsbg7gZNVY4sRDYZ/4=
github.com/slack-go/slack v0.12.5 h1:ddZ6uz6XVaB+3MTDhoW04gG+Vc/M/X1ctC+wssy2cqs=
github.com/slack-go/slack v0.12.5/go.mod h1:hlGi5oXA+Gt+yWTPP0plCdRKmjsDxecdHxYQdlMQKOw=
github.com/stretchr/testify v1.2.2/go.mod h1:a8OnRcib4nhh0OaRAV+Yts87kKdq0PP7pXfy6kDkUVs=
github.com/stretchr/testify v1.8.1 h1:w7B6lhMri9wdJUVmEZPGGhZzrYTPvgJArz7wNPgYKsk=
github.com/stretchr/testify v1.8.1/go.mod h1:w2LPCIKwWwSfY2zedu0+kehJoqGctiVI29o6fzry7u4=
github.com/xanzy/go-gitlab v0.101.0 h1:qRgvX8DNE19zRugB6rnnZMZ5ubhITSKPLNWEyc6UIPg=
github.com/xanzy/go-gitlab v0.101.0/go.mod h1:ETg8tcj4OhrB84UEgeE8dSuV/0h4BBL1uOV/qK0vlyI=
golang.org/x/crypto v0.0.0-20190308221718-c2843e01d9a2/go.mod h1:djNgcEr1/C05ACkg1iLfiJU5Ep61QUkGW8qpdssI0+w=
golang.org/x/net v0.0.0-20190603091049-60506f45cf65/go.mod h1:HSz+uSET+XFnRR8LxR5pz3Of3rY3CfYBVs4xY44aLks=
golang.org/x/net v0.8.0 h1:Zrh2ngAOFYneWTAIAPethzeaQLuHwhuBkuV6ZiRnUaQ=
golang.org/x/net v0.8.0/go.mod h1:QVkue5JL9kW//ek3r6jTKnTFis1tRmNAW2P1shuFdJc=
golang.org/x/oauth2 v0.6.0 h1:Lh8GPgSKBfWSwFvtuWOfeI3aAAnbXTSutYxJiOJFgIw=
golang.org/x/oauth2 v0.6.0/go.mod h1:ycmewcwgD4Rpr3eZJLSB4Kyyljb3qDh40vJ8STE5HKw=
golang.org/x/sys v0.0.0-20190215142949-d0b11bdaac8a/go.mod h1:STP8DvDyc/dI5b8T5hshtkjS+E42TnysNCUPdjciGhY=
golang.org/x/text v0.3.0/go.mod h1:NqM8EUOU14njkJ3fqMW+pc6Ldnwhi/IjpwHt7yyuwOQ=
golang.org/x/text v0.3.2/go.mod h1:bEr9sfX3Q8Zfm5fL9x+3itogRgK3+ptLWKqgva+5dAk=
golang.org/x/time v0.3.0 h1:rg5rLMjNzMS1RkNLzCG38eapWhnYLFYXDXj2gOlr8j4=
golang.org/x/time v0.3.0/go.mod h1:tRJNPiyCQ0inRvYxbN9jk5I+vvW/OXSQhTDSoE431IQ=
golang.org/x/tools v0.0.0-20180917221912-90fa682c2a6e/go.mod h1:n7NCudcB/nEzxVGmLbDWY5pfWTLqBcC2KZ6jyYvM4mQ=
golang.org/x/xerrors v0.0.0-20191204190536-9bdfabe68543/go.mod h1:I/5z698sn9Ka8TeJc9MKroUUfqBBauWjQqLJ2OPfmY0=
google.golang.org/appengine v1.6.7 h1:FZR1q0exgwxzPzp/aF+VccGrSfxfPpkBqjIIEq3ru6c=
google.golang.org/appengine v1.6.7/go.mod h1:8WjMMxjGQR8xUklV/ARdw2HLXBOI7O7uCIDZVag1xfc=
google.golang.org/protobuf v1.26.0-rc.1/go.mod h1:jlhhOSvTdKEhbULTjvd4ARK9grFBp09yW+WbY/TyQbw=
google.golang.org/protobuf v1.26.0/go.mod h1:9q0QmTI4eRPtz6boOQmLYwt+qCgq0jsYwAQnmE0givc=
google.golang.org/protobuf v1.33.0 h1:uNO2rsAINq/JlFpSdYEKIZ0uKD/R9cpdv0T+yoGwGmI=
google.golang.org/protobuf v1.33.0/go.mod h1:c6P6GXX6sHbq/GpV6MGZEdwhWPcYBgnhAHhKbcUYpos=
gopkg.in/asn1-ber.v1 v1.0.0-20181015200546-f715ec2f112d h1:TxyelI5cVkbREznMhfzycHdkp5cLA7DpE+GKjSslYhM=
gopkg.in/asn1-ber.v1 v1.0.0-20181015200546-f715ec2f112d/go.mod h1:cuepJuh7vyXfUyUwEgHQXw849cJrilpS5NeIjOWESAw=
gopkg.in/ldap.v2 v2.5.1 h1:wiu0okdNfjlBzg6UWvd1Hn8Y+Ux17/u/4nlk4CQr6tU=
gopkg.in/ldap.v2 v2.5.1/go.mod h1:oI0cpe/D7HRtBQl8aTg+ZmzFUAvu4lsv3eLXMLGFxWk=
gopkg.in/yaml.v3 v3.0.1 h1:fxVm/GzAzEWqLHuvctI91KS9hhNmmWOoWu0XTYJS7CA=
gopkg.in/yaml.v3 v3.0.1/go.mod h1:K4uyk7z7BCEPqu6E+C64Yfv1cQ7kz7rIZviUmN+EgEM=
